
Microsoft Visual Studio Solution File, Format Version 12.00
# Visual Studio Version 16
VisualStudioVersion = 16.0.32630.194
MinimumVisualStudioVersion = 10.0.40219.1
Project("{FAE04EC0-301F-11D3-BF4B-00C04F79EFBC}") = "BalancaPlascar", "BalancaPlascar\BalancaPlascar.csproj", "{F30B9450-BADF-4182-82A9-E3202EADB587}"
EndProject
Global
	GlobalSection(SolutionConfigurationPlatforms) = preSolution
		Debug|Any CPU = Debug|Any CPU
		Release|Any CPU = Release|Any CPU
	EndGlobalSection
	GlobalSection(ProjectConfigurationPlatforms) = postSolution
		{F30B9450-BADF-4182-82A9-E3202EADB587}.Debug|Any CPU.ActiveCfg = Debug|Any CPU
		{F30B9450-BADF-4182-82A9-E3202EADB587}.Debug|Any CPU.Build.0 = Debug|Any CPU
		{F30B9450-BADF-4182-82A9-E3202EADB587}.Release|Any CPU.ActiveCfg = Release|Any CPU
		{F30B9450-BADF-4182-82A9-E3202EADB587}.Release|Any CPU.Build.0 = Release|Any CPU
	EndGlobalSection
	GlobalSection(SolutionProperties) = preSolution
		HideSolutionNode = FALSE
	EndGlobalSection
	GlobalSection(ExtensibilityGlobals) = postSolution
		SolutionGuid = {0D440B42-C41E-456A-AB29-E0C7C7A95FA6}
	EndGlobalSection
EndGlobal
